{
  "name": "translucent-viewer",
  "version": "1.0.0",
  "lockfileVersion": 1,
  "requires": true,
  "dependencies": {
    "eslint-config-naat": {
      "version": "git+https://github.com/neuroanatomy/eslint-config-naat.git#1ca059a5ca80041ad92ce74387ba9e3c6a296d71",
      "from": "git+https://github.com/neuroanatomy/eslint-config-naat.git",
      "dev": true
    }
  }
}
